{
  "version": 4,
  "terraform_version": "0.12.20",
  "serial": 7,
  "lineage": "41cf561c-17a6-cca5-77d3-65f345a9111e",
  "outputs": {},
  "resources": [
    {
      "mode": "managed",
      "type": "aws_instance",
      "name": "example",
      "provider": "provider.aws",
      "instances": [
        {
          "schema_version": 1,
          "attributes": {
            "ami": "ami-22b9a343",
            "arn": "arn:aws:ec2:us-west-2:705368170431:instance/i-0d860f6d02c1d8410",
            "associate_public_ip_address": false,
            "availability_zone": "us-west-2a",
            "cpu_core_count": 1,
            "cpu_threads_per_core": 1,
            "credit_specification": [
              {
                "cpu_credits": "standard"
              }
            ],
            "disable_api_termination": false,
            "ebs_block_device": [],
            "ebs_optimized": false,
            "ephemeral_block_device": [],
            "get_password_data": false,
            "host_id": null,
            "iam_instance_profile": "",
            "id": "i-0d860f6d02c1d8410",
            "instance_initiated_shutdown_behavior": null,
            "instance_state": "running",
            "instance_type": "t2.micro",
            "ipv6_address_count": 0,
            "ipv6_addresses": [],
            "key_name": "",
            "monitoring": false,
            "network_interface": [
              {
                "delete_on_termination": false,
                "device_index": 0,
                "network_interface_id": "eni-01b9824a743c4fc48"
              }
            ],
            "network_interface_id": null,
            "password_data": "",
            "placement_group": "",
            "primary_network_interface_id": "eni-01b9824a743c4fc48",
            "private_dns": "ip-10-0-10-100.us-west-2.compute.internal",
            "private_ip": "10.0.10.100",
            "public_dns": "",
            "public_ip": "",
            "root_block_device": [
              {
                "delete_on_termination": true,
                "encrypted": false,
                "iops": 0,
                "kms_key_id": "",
                "volume_id": "vol-082eb4d49b9c734aa",
                "volume_size": 8,
                "volume_type": "standard"
              }
            ],
            "security_groups": [],
            "source_dest_check": true,
            "subnet_id": "subnet-0666390aed1209570",
            "tags": {
              "Name": "HelloWorld"
            },
            "tenancy": "default",
            "timeouts": null,
            "user_data": null,
            "user_data_base64": null,
            "volume_tags": {},
            "vpc_security_group_ids": [
              "sg-0ece1361b8f87bfb7"
            ]
          },
          "private": "eyJlMmJmYjczMC1lY2FhLTExZTYtOGY4OC0zNDM2M2JjN2M0YzAiOnsiY3JlYXRlIjo2MDAwMDAwMDAwMDAsImRlbGV0ZSI6MTIwMDAwMDAwMDAwMCwidXBkYXRlIjo2MDAwMDAwMDAwMDB9LCJzY2hlbWFfdmVyc2lvbiI6IjEifQ==",
          "dependencies": [
            "aws_network_interface.foo",
            "aws_subnet.my_subnet",
            "aws_vpc.example_vpc"
          ]
        }
      ]
    },
    {
      "mode": "managed",
      "type": "aws_network_interface",
      "name": "foo",
      "provider": "provider.aws",
      "instances": [
        {
          "schema_version": 0,
          "attributes": {
            "attachment": [],
            "description": "",
            "id": "eni-01b9824a743c4fc48",
            "mac_address": "02:21:f6:49:87:42",
            "private_dns_name": "",
            "private_ip": "10.0.10.100",
            "private_ips": [
              "10.0.10.100"
            ],
            "private_ips_count": 0,
            "security_groups": [
              "sg-0ece1361b8f87bfb7"
            ],
            "source_dest_check": true,
            "subnet_id": "subnet-0666390aed1209570",
            "tags": {
              "Name": "primary_network_interface"
            }
          },
          "private": "bnVsbA==",
          "dependencies": [
            "aws_subnet.my_subnet",
            "aws_vpc.example_vpc"
          ]
        }
      ]
    },
    {
      "mode": "managed",
      "type": "aws_subnet",
      "name": "my_subnet",
      "provider": "provider.aws",
      "instances": [
        {
          "schema_version": 1,
          "attributes": {
            "arn": "arn:aws:ec2:us-west-2:705368170431:subnet/subnet-0666390aed1209570",
            "assign_ipv6_address_on_creation": false,
            "availability_zone": "us-west-2a",
            "availability_zone_id": "usw2-az1",
            "cidr_block": "10.0.10.0/24",
            "id": "subnet-0666390aed1209570",
            "ipv6_cidr_block": "",
            "ipv6_cidr_block_association_id": "",
            "map_public_ip_on_launch": false,
            "owner_id": "705368170431",
            "tags": {
              "Name": "tf-example"
            },
            "timeouts": null,
            "vpc_id": "vpc-05b9c570ad67cb15b"
          },
          "private": "eyJlMmJmYjczMC1lY2FhLTExZTYtOGY4OC0zNDM2M2JjN2M0YzAiOnsiY3JlYXRlIjo2MDAwMDAwMDAwMDAsImRlbGV0ZSI6MTIwMDAwMDAwMDAwMH0sInNjaGVtYV92ZXJzaW9uIjoiMSJ9",
          "dependencies": [
            "aws_vpc.example_vpc"
          ]
        }
      ]
    },
    {
      "mode": "managed",
      "type": "aws_vpc",
      "name": "example_vpc",
      "provider": "provider.aws",
      "instances": [
        {
          "schema_version": 1,
          "attributes": {
            "arn": "arn:aws:ec2:us-west-2:705368170431:vpc/vpc-05b9c570ad67cb15b",
            "assign_generated_ipv6_cidr_block": false,
            "cidr_block": "10.0.0.0/16",
            "default_network_acl_id": "acl-07ba9bc7b967c1970",
            "default_route_table_id": "rtb-0b371e4e22310d53d",
            "default_security_group_id": "sg-0ece1361b8f87bfb7",
            "dhcp_options_id": "dopt-b60f98ce",
            "enable_classiclink": false,
            "enable_classiclink_dns_support": false,
            "enable_dns_hostnames": false,
            "enable_dns_support": true,
            "id": "vpc-05b9c570ad67cb15b",
            "instance_tenancy": "default",
            "ipv6_association_id": "",
            "ipv6_cidr_block": "",
            "main_route_table_id": "rtb-0b371e4e22310d53d",
            "owner_id": "705368170431",
            "tags": {}
          },
          "private": "eyJzY2hlbWFfdmVyc2lvbiI6IjEifQ=="
        }
      ]
    }
  ]
}
