{
  "version": 4,
  "terraform_version": "0.12.20",
  "serial": 60,
  "lineage": "448e97fa-8f6a-481e-532e-ec1ce9cb0fee",
  "outputs": {},
  "resources": [
    {
      "module": "module.container",
      "mode": "managed",
      "type": "docker_container",
      "name": "container_id",
      "provider": "provider.docker",
      "instances": [
        {
          "schema_version": 1,
          "attributes": {
            "attach": false,
            "bridge": "",
            "capabilities": [],
            "command": null,
            "container_logs": null,
            "cpu_set": null,
            "cpu_shares": null,
            "destroy_grace_seconds": null,
            "devices": [],
            "dns": null,
            "dns_opts": null,
            "dns_search": null,
            "domainname": null,
            "entrypoint": null,
            "env": null,
            "exit_code": null,
            "gateway": "172.17.0.1",
            "group_add": null,
            "healthcheck": [],
            "host": [],
            "hostname": null,
            "id": "6f440111c0eb35e388afba0fc49033271355f97b5ed423b6ae342c6c770474e5",
            "image": "sha256:409b98c2b3ba3bc3b0f042c0965542730c451cf075f790fed5daf1c383ad1e34",
            "ip_address": "172.17.0.2",
            "ip_prefix_length": 16,
            "ipc_mode": null,
            "labels": null,
            "links": null,
            "log_driver": "json-file",
            "log_opts": null,
            "logs": false,
            "max_retry_count": null,
            "memory": null,
            "memory_swap": null,
            "mounts": [],
            "must_run": true,
            "name": "dev_blog",
            "network_alias": null,
            "network_data": [
              {
                "gateway": "172.17.0.1",
                "ip_address": "172.17.0.2",
                "ip_prefix_length": 16,
                "network_name": "bridge"
              }
            ],
            "network_mode": null,
            "networks": null,
            "networks_advanced": [],
            "pid_mode": null,
            "ports": [
              {
                "external": 8080,
                "internal": 2368,
                "ip": "0.0.0.0",
                "protocol": "tcp"
              }
            ],
            "privileged": null,
            "publish_all_ports": null,
            "read_only": false,
            "restart": "no",
            "rm": false,
            "shm_size": null,
            "start": true,
            "sysctls": null,
            "tmpfs": null,
            "ulimit": [],
            "upload": [],
            "user": null,
            "userns_mode": null,
            "volumes": [],
            "working_dir": null
          },
          "private": "eyJzY2hlbWFfdmVyc2lvbiI6IjEifQ==",
          "dependencies": [
            "module.image.docker_image.image_id"
          ]
        }
      ]
    },
    {
      "module": "module.image",
      "mode": "managed",
      "type": "docker_image",
      "name": "image_id",
      "provider": "provider.docker",
      "instances": [
        {
          "schema_version": 0,
          "attributes": {
            "id": "sha256:409b98c2b3ba3bc3b0f042c0965542730c451cf075f790fed5daf1c383ad1e34ghost:latest",
            "keep_locally": null,
            "latest": "sha256:409b98c2b3ba3bc3b0f042c0965542730c451cf075f790fed5daf1c383ad1e34",
            "name": "ghost:latest",
            "pull_trigger": null,
            "pull_triggers": null
          },
          "private": "bnVsbA=="
        }
      ]
    },
    {
      "mode": "managed",
      "type": "null_resource",
      "name": "container_info",
      "provider": "provider.null",
      "instances": [
        {
          "schema_version": 0,
          "attributes": {
            "id": "8272065859782378632",
            "triggers": null
          },
          "private": "bnVsbA==",
          "dependencies": [
            "module.container.docker_container.container_id",
            "module.image.docker_image.image_id"
          ]
        }
      ]
    }
  ]
}
