{
  "version": 4,
  "terraform_version": "0.12.20",
  "serial": 48,
  "lineage": "448e97fa-8f6a-481e-532e-ec1ce9cb0fee",
  "outputs": {},
  "resources": [
    {
      "module": "module.container",
      "mode": "managed",
      "type": "docker_container",
      "name": "container_id",
      "provider": "provider.docker",
      "instances": []
    },
    {
      "module": "module.image",
      "mode": "managed",
      "type": "docker_image",
      "name": "image_id",
      "provider": "provider.docker",
      "instances": [
        {
          "schema_version": 0,
          "attributes": {
            "id": "sha256:409b98c2b3ba3bc3b0f042c0965542730c451cf075f790fed5daf1c383ad1e34ghost:latest",
            "keep_locally": null,
            "latest": "sha256:409b98c2b3ba3bc3b0f042c0965542730c451cf075f790fed5daf1c383ad1e34",
            "name": "ghost:latest",
            "pull_trigger": null,
            "pull_triggers": null
          },
          "private": "bnVsbA=="
        }
      ]
    }
  ]
}
